// !$*UTF8*$!
{
	archiveVersion = 1;
	classes = {
	};
	objectVersion = 50;
	objects = {

/* Begin PBXBuildFile section */
		950AE06E25E7446600EA9E60 /* Timeline.swift in Sources */ = {isa = PBXBuildFile; fileRef = 950AE06D25E7446600EA9E60 /* Timeline.swift */; };
		950AE07125E74FA900EA9E60 /* RoomItem.swift in Sources */ = {isa = PBXBuildFile; fileRef = 950AE07025E74FA900EA9E60 /* RoomItem.swift */; };
		950AE07425E7531000EA9E60 /* CreateRoomItem.swift in Sources */ = {isa = PBXBuildFile; fileRef = 950AE07325E7531000EA9E60 /* CreateRoomItem.swift */; };
		95AFCE3725E63F6100D5F79C /* AppDelegate.swift in Sources */ = {isa = PBXBuildFile; fileRef = 95AFCE3625E63F6100D5F79C /* AppDelegate.swift */; };
		95AFCE3925E63F6100D5F79C /* SceneDelegate.swift in Sources */ = {isa = PBXBuildFile; fileRef = 95AFCE3825E63F6100D5F79C /* SceneDelegate.swift */; };
		95AFCE3E25E63F6100D5F79C /* Facebook.xcdatamodeld in Sources */ = {isa = PBXBuildFile; fileRef = 95AFCE3C25E63F6100D5F79C /* Facebook.xcdatamodeld */; };
		95AFCE4025E63F6300D5F79C /* Assets.xcassets in Resources */ = {isa = PBXBuildFile; fileRef = 95AFCE3F25E63F6300D5F79C /* Assets.xcassets */; };
		95AFCE4325E63F6300D5F79C /* Preview Assets.xcassets in Resources */ = {isa = PBXBuildFile; fileRef = 95AFCE4225E63F6300D5F79C /* Preview Assets.xcassets */; };
		95AFCE4625E63F6300D5F79C /* LaunchScreen.storyboard in Resources */ = {isa = PBXBuildFile; fileRef = 95AFCE4425E63F6300D5F79C /* LaunchScreen.storyboard */; };
		95AFCE5125E6B90900D5F79C /* HomeScreen.swift in Sources */ = {isa = PBXBuildFile; fileRef = 95AFCE5025E6B90900D5F79C /* HomeScreen.swift */; };
		95AFCE5F25E6DB6A00D5F79C /* ExchangeProtocol.swift in Sources */ = {isa = PBXBuildFile; fileRef = 95AFCE5E25E6DB6A00D5F79C /* ExchangeProtocol.swift */; };
		95DF525025E9E7F8002DA767 /* TabButtons.swift in Sources */ = {isa = PBXBuildFile; fileRef = 95DF524F25E9E7F8002DA767 /* TabButtons.swift */; };
		95DF525325E9E987002DA767 /* StoryItem.swift in Sources */ = {isa = PBXBuildFile; fileRef = 95DF525225E9E987002DA767 /* StoryItem.swift */; };
		95DF525625E9ED27002DA767 /* PostItem.swift in Sources */ = {isa = PBXBuildFile; fileRef = 95DF525525E9ED27002DA767 /* PostItem.swift */; };
		95DF525E25EA7EFC002DA767 /* CreateStoryItem.swift in Sources */ = {isa = PBXBuildFile; fileRef = 95DF525D25EA7EFC002DA767 /* CreateStoryItem.swift */; };
		95F9929725EAB53E00265587 /* UpdateProfile.swift in Sources */ = {isa = PBXBuildFile; fileRef = 95F9929625EAB53E00265587 /* UpdateProfile.swift */; };
		95F9929A25EACE8D00265587 /* DoublePost.swift in Sources */ = {isa = PBXBuildFile; fileRef = 95F9929925EACE8D00265587 /* DoublePost.swift */; };
/* End PBXBuildFile section */

/* Begin PBXFileReference section */
		950AE06D25E7446600EA9E60 /* Timeline.swift */ = {isa = PBXFileReference; lastKnownFileType = sourcecode.swift; path = Timeline.swift; sourceTree = "<group>"; };
		950AE07025E74FA900EA9E60 /* RoomItem.swift */ = {isa = PBXFileReference; lastKnownFileType = sourcecode.swift; path = RoomItem.swift; sourceTree = "<group>"; };
		950AE07325E7531000EA9E60 /* CreateRoomItem.swift */ = {isa = PBXFileReference; lastKnownFileType = sourcecode.swift; path = CreateRoomItem.swift; sourceTree = "<group>"; };
		95AFCE3325E63F6100D5F79C /* Facebook.app */ = {isa = PBXFileReference; explicitFileType = wrapper.application; includeInIndex = 0; path = Facebook.app; sourceTree = BUILT_PRODUCTS_DIR; };
		95AFCE3625E63F6100D5F79C /* AppDelegate.swift */ = {isa = PBXFileReference; lastKnownFileType = sourcecode.swift; path = AppDelegate.swift; sourceTree = "<group>"; };
		95AFCE3825E63F6100D5F79C /* SceneDelegate.swift */ = {isa = PBXFileReference; lastKnownFileType = sourcecode.swift; path = SceneDelegate.swift; sourceTree = "<group>"; };
		95AFCE3D25E63F6100D5F79C /* Facebook.xcdatamodel */ = {isa = PBXFileReference; lastKnownFileType = wrapper.xcdatamodel; path = Facebook.xcdatamodel; sourceTree = "<group>"; };
		95AFCE3F25E63F6300D5F79C /* Assets.xcassets */ = {isa = PBXFileReference; lastKnownFileType = folder.assetcatalog; path = Assets.xcassets; sourceTree = "<group>"; };
		95AFCE4225E63F6300D5F79C /* Preview Assets.xcassets */ = {isa = PBXFileReference; lastKnownFileType = folder.assetcatalog; path = "Preview Assets.xcassets"; sourceTree = "<group>"; };
		95AFCE4525E63F6300D5F79C /* Base */ = {isa = PBXFileReference; lastKnownFileType = file.storyboard; name = Base; path = Base.lproj/LaunchScreen.storyboard; sourceTree = "<group>"; };
		95AFCE4725E63F6300D5F79C /* Info.plist */ = {isa = PBXFileReference; lastKnownFileType = text.plist.xml; path = Info.plist; sourceTree = "<group>"; };
		95AFCE5025E6B90900D5F79C /* HomeScreen.swift */ = {isa = PBXFileReference; lastKnownFileType = sourcecode.swift; path = HomeScreen.swift; sourceTree = "<group>"; };
		95AFCE5E25E6DB6A00D5F79C /* ExchangeProtocol.swift */ = {isa = PBXFileReference; lastKnownFileType = sourcecode.swift; path = ExchangeProtocol.swift; sourceTree = "<group>"; };
		95DF524F25E9E7F8002DA767 /* TabButtons.swift */ = {isa = PBXFileReference; lastKnownFileType = sourcecode.swift; path = TabButtons.swift; sourceTree = "<group>"; };
		95DF525225E9E987002DA767 /* StoryItem.swift */ = {isa = PBXFileReference; lastKnownFileType = sourcecode.swift; path = StoryItem.swift; sourceTree = "<group>"; };
		95DF525525E9ED27002DA767 /* PostItem.swift */ = {isa = PBXFileReference; lastKnownFileType = sourcecode.swift; path = PostItem.swift; sourceTree = "<group>"; };
		95DF525D25EA7EFC002DA767 /* CreateStoryItem.swift */ = {isa = PBXFileReference; lastKnownFileType = sourcecode.swift; path = CreateStoryItem.swift; sourceTree = "<group>"; };
		95F9929625EAB53E00265587 /* UpdateProfile.swift */ = {isa = PBXFileReference; lastKnownFileType = sourcecode.swift; path = UpdateProfile.swift; sourceTree = "<group>"; };
		95F9929925EACE8D00265587 /* DoublePost.swift */ = {isa = PBXFileReference; lastKnownFileType = sourcecode.swift; path = DoublePost.swift; sourceTree = "<group>"; };
/* End PBXFileReference section */

/* Begin PBXFrameworksBuildPhase section */
		95AFCE3025E63F6100D5F79C /* Frameworks */ = {
			isa = PBXFrameworksBuildPhase;
			buildActionMask = 2147483647;
			files = (
			);
			runOnlyForDeploymentPostprocessing = 0;
		};
/* End PBXFrameworksBuildPhase section */

/* Begin PBXGroup section */
		95AFCE2A25E63F6100D5F79C = {
			isa = PBXGroup;
			children = (
				95AFCE3525E63F6100D5F79C /* Facebook */,
				95AFCE3425E63F6100D5F79C /* Products */,
			);
			sourceTree = "<group>";
		};
		95AFCE3425E63F6100D5F79C /* Products */ = {
			isa = PBXGroup;
			children = (
				95AFCE3325E63F6100D5F79C /* Facebook.app */,
			);
			name = Products;
			sourceTree = "<group>";
		};
		95AFCE3525E63F6100D5F79C /* Facebook */ = {
			isa = PBXGroup;
			children = (
				95AFCE5D25E6DB4800D5F79C /* protocols */,
				95AFCE5525E6B98100D5F79C /* cells */,
				95AFCE4F25E6B8F600D5F79C /* screens */,
				95AFCE4E25E6B8E500D5F79C /* apputils */,
				95AFCE3625E63F6100D5F79C /* AppDelegate.swift */,
				95AFCE3825E63F6100D5F79C /* SceneDelegate.swift */,
				95AFCE4725E63F6300D5F79C /* Info.plist */,
				95AFCE4125E63F6300D5F79C /* Preview Content */,
			);
			path = Facebook;
			sourceTree = "<group>";
		};
		95AFCE4125E63F6300D5F79C /* Preview Content */ = {
			isa = PBXGroup;
			children = (
				95AFCE4225E63F6300D5F79C /* Preview Assets.xcassets */,
			);
			path = "Preview Content";
			sourceTree = "<group>";
		};
		95AFCE4E25E6B8E500D5F79C /* apputils */ = {
			isa = PBXGroup;
			children = (
				95AFCE3F25E63F6300D5F79C /* Assets.xcassets */,
				95AFCE3C25E63F6100D5F79C /* Facebook.xcdatamodeld */,
				95AFCE4425E63F6300D5F79C /* LaunchScreen.storyboard */,
			);
			path = apputils;
			sourceTree = "<group>";
		};
		95AFCE4F25E6B8F600D5F79C /* screens */ = {
			isa = PBXGroup;
			children = (
				95AFCE5025E6B90900D5F79C /* HomeScreen.swift */,
				950AE06D25E7446600EA9E60 /* Timeline.swift */,
				95DF524F25E9E7F8002DA767 /* TabButtons.swift */,
			);
			path = screens;
			sourceTree = "<group>";
		};
		95AFCE5525E6B98100D5F79C /* cells */ = {
			isa = PBXGroup;
			children = (
				950AE07025E74FA900EA9E60 /* RoomItem.swift */,
				950AE07325E7531000EA9E60 /* CreateRoomItem.swift */,
				95DF525225E9E987002DA767 /* StoryItem.swift */,
				95DF525525E9ED27002DA767 /* PostItem.swift */,
				95DF525D25EA7EFC002DA767 /* CreateStoryItem.swift */,
				95F9929625EAB53E00265587 /* UpdateProfile.swift */,
				95F9929925EACE8D00265587 /* DoublePost.swift */,
			);
			path = cells;
			sourceTree = "<group>";
		};
		95AFCE5D25E6DB4800D5F79C /* protocols */ = {
			isa = PBXGroup;
			children = (
				95AFCE5E25E6DB6A00D5F79C /* ExchangeProtocol.swift */,
			);
			path = protocols;
			sourceTree = "<group>";
		};
/* End PBXGroup section */

/* Begin PBXNativeTarget section */
		95AFCE3225E63F6100D5F79C /* Facebook */ = {
			isa = PBXNativeTarget;
			buildConfigurationList = 95AFCE4A25E63F6300D5F79C /* Build configuration list for PBXNativeTarget "Facebook" */;
			buildPhases = (
				95AFCE2F25E63F6100D5F79C /* Sources */,
				95AFCE3025E63F6100D5F79C /* Frameworks */,
				95AFCE3125E63F6100D5F79C /* Resources */,
			);
			buildRules = (
			);
			dependencies = (
			);
			name = Facebook;
			productName = Facebook;
			productReference = 95AFCE3325E63F6100D5F79C /* Facebook.app */;
			productType = "com.apple.product-type.application";
		};
/* End PBXNativeTarget section */

/* Begin PBXProject section */
		95AFCE2B25E63F6100D5F79C /* Project object */ = {
			isa = PBXProject;
			attributes = {
				LastSwiftUpdateCheck = 1240;
				LastUpgradeCheck = 1240;
				TargetAttributes = {
					95AFCE3225E63F6100D5F79C = {
						CreatedOnToolsVersion = 12.4;
					};
				};
			};
			buildConfigurationList = 95AFCE2E25E63F6100D5F79C /* Build configuration list for PBXProject "Facebook" */;
			compatibilityVersion = "Xcode 9.3";
			developmentRegion = en;
			hasScannedForEncodings = 0;
			knownRegions = (
				en,
				Base,
			);
			mainGroup = 95AFCE2A25E63F6100D5F79C;
			productRefGroup = 95AFCE3425E63F6100D5F79C /* Products */;
			projectDirPath = "";
			projectRoot = "";
			targets = (
				95AFCE3225E63F6100D5F79C /* Facebook */,
			);
		};
/* End PBXProject section */

/* Begin PBXResourcesBuildPhase section */
		95AFCE3125E63F6100D5F79C /* Resources */ = {
			isa = PBXResourcesBuildPhase;
			buildActionMask = 2147483647;
			files = (
				95AFCE4625E63F6300D5F79C /* LaunchScreen.storyboard in Resources */,
				95AFCE4325E63F6300D5F79C /* Preview Assets.xcassets in Resources */,
				95AFCE4025E63F6300D5F79C /* Assets.xcassets in Resources */,
			);
			runOnlyForDeploymentPostprocessing = 0;
		};
/* End PBXResourcesBuildPhase section */

/* Begin PBXSourcesBuildPhase section */
		95AFCE2F25E63F6100D5F79C /* Sources */ = {
			isa = PBXSourcesBuildPhase;
			buildActionMask = 2147483647;
			files = (
				95DF525E25EA7EFC002DA767 /* CreateStoryItem.swift in Sources */,
				95AFCE3725E63F6100D5F79C /* AppDelegate.swift in Sources */,
				95F9929A25EACE8D00265587 /* DoublePost.swift in Sources */,
				950AE06E25E7446600EA9E60 /* Timeline.swift in Sources */,
				95DF525325E9E987002DA767 /* StoryItem.swift in Sources */,
				95AFCE5125E6B90900D5F79C /* HomeScreen.swift in Sources */,
				95AFCE3925E63F6100D5F79C /* SceneDelegate.swift in Sources */,
				950AE07425E7531000EA9E60 /* CreateRoomItem.swift in Sources */,
				95DF525625E9ED27002DA767 /* PostItem.swift in Sources */,
				950AE07125E74FA900EA9E60 /* RoomItem.swift in Sources */,
				95F9929725EAB53E00265587 /* UpdateProfile.swift in Sources */,
				95DF525025E9E7F8002DA767 /* TabButtons.swift in Sources */,
				95AFCE5F25E6DB6A00D5F79C /* ExchangeProtocol.swift in Sources */,
				95AFCE3E25E63F6100D5F79C /* Facebook.xcdatamodeld in Sources */,
			);
			runOnlyForDeploymentPostprocessing = 0;
		};
/* End PBXSourcesBuildPhase section */

/* Begin PBXVariantGroup section */
		95AFCE4425E63F6300D5F79C /* LaunchScreen.storyboard */ = {
			isa = PBXVariantGroup;
			children = (
				95AFCE4525E63F6300D5F79C /* Base */,
			);
			name = LaunchScreen.storyboard;
			sourceTree = "<group>";
		};
/* End PBXVariantGroup section */

/* Begin XCBuildConfiguration section */
		95AFCE4825E63F6300D5F79C /* Debug */ = {
			isa = XCBuildConfiguration;
			buildSettings = {
				ALWAYS_SEARCH_USER_PATHS = NO;
				CLANG_ANALYZER_NONNULL = YES;
				CLANG_ANALYZER_NUMBER_OBJECT_CONVERSION = YES_AGGRESSIVE;
				CLANG_CXX_LANGUAGE_STANDARD = "gnu++14";
				CLANG_CXX_LIBRARY = "libc++";
				CLANG_ENABLE_MODULES = YES;
				CLANG_ENABLE_OBJC_ARC = YES;
				CLANG_ENABLE_OBJC_WEAK = YES;
				CLANG_WARN_BLOCK_CAPTURE_AUTORELEASING = YES;
				CLANG_WARN_BOOL_CONVERSION = YES;
				CLANG_WARN_COMMA = YES;
				CLANG_WARN_CONSTANT_CONVERSION = YES;
				CLANG_WARN_DEPRECATED_OBJC_IMPLEMENTATIONS = YES;
				CLANG_WARN_DIRECT_OBJC_ISA_USAGE = YES_ERROR;
				CLANG_WARN_DOCUMENTATION_COMMENTS = YES;
				CLANG_WARN_EMPTY_BODY = YES;
				CLANG_WARN_ENUM_CONVERSION = YES;
				CLANG_WARN_INFINITE_RECURSION = YES;
				CLANG_WARN_INT_CONVERSION = YES;
				CLANG_WARN_NON_LITERAL_NULL_CONVERSION = YES;
				CLANG_WARN_OBJC_IMPLICIT_RETAIN_SELF = YES;
				CLANG_WARN_OBJC_LITERAL_CONVERSION = YES;
				CLANG_WARN_OBJC_ROOT_CLASS = YES_ERROR;
				CLANG_WARN_QUOTED_INCLUDE_IN_FRAMEWORK_HEADER = YES;
				CLANG_WARN_RANGE_LOOP_ANALYSIS = YES;
				CLANG_WARN_STRICT_PROTOTYPES = YES;
				CLANG_WARN_SUSPICIOUS_MOVE = YES;
				CLANG_WARN_UNGUARDED_AVAILABILITY = YES_AGGRESSIVE;
				CLANG_WARN_UNREACHABLE_CODE = YES;
				CLANG_WARN__DUPLICATE_METHOD_MATCH = YES;
				COPY_PHASE_STRIP = NO;
				DEBUG_INFORMATION_FORMAT = dwarf;
				ENABLE_STRICT_OBJC_MSGSEND = YES;
				ENABLE_TESTABILITY = YES;
				GCC_C_LANGUAGE_STANDARD = gnu11;
				GCC_DYNAMIC_NO_PIC = NO;
				GCC_NO_COMMON_BLOCKS = YES;
				GCC_OPTIMIZATION_LEVEL = 0;
				GCC_PREPROCESSOR_DEFINITIONS = (
					"DEBUG=1",
					"$(inherited)",
				);
				GCC_WARN_64_TO_32_BIT_CONVERSION = YES;
				GCC_WARN_ABOUT_RETURN_TYPE = YES_ERROR;
				GCC_WARN_UNDECLARED_SELECTOR = YES;
				GCC_WARN_UNINITIALIZED_AUTOS = YES_AGGRESSIVE;
				GCC_WARN_UNUSED_FUNCTION = YES;
				GCC_WARN_UNUSED_VARIABLE = YES;
				IPHONEOS_DEPLOYMENT_TARGET = 14.4;
				MTL_ENABLE_DEBUG_INFO = INCLUDE_SOURCE;
				MTL_FAST_MATH = YES;
				ONLY_ACTIVE_ARCH = YES;
				SDKROOT = iphoneos;
				SWIFT_ACTIVE_COMPILATION_CONDITIONS = DEBUG;
				SWIFT_OPTIMIZATION_LEVEL = "-Onone";
			};
			name = Debug;
		};
		95AFCE4925E63F6300D5F79C /* Release */ = {
			isa = XCBuildConfiguration;
			buildSettings = {
				ALWAYS_SEARCH_USER_PATHS = NO;
				CLANG_ANALYZER_NONNULL = YES;
				CLANG_ANALYZER_NUMBER_OBJECT_CONVERSION = YES_AGGRESSIVE;
				CLANG_CXX_LANGUAGE_STANDARD = "gnu++14";
				CLANG_CXX_LIBRARY = "libc++";
				CLANG_ENABLE_MODULES = YES;
				CLANG_ENABLE_OBJC_ARC = YES;
				CLANG_ENABLE_OBJC_WEAK = YES;
				CLANG_WARN_BLOCK_CAPTURE_AUTORELEASING = YES;
				CLANG_WARN_BOOL_CONVERSION = YES;
				CLANG_WARN_COMMA = YES;
				CLANG_WARN_CONSTANT_CONVERSION = YES;
				CLANG_WARN_DEPRECATED_OBJC_IMPLEMENTATIONS = YES;
				CLANG_WARN_DIRECT_OBJC_ISA_USAGE = YES_ERROR;
				CLANG_WARN_DOCUMENTATION_COMMENTS = YES;
				CLANG_WARN_EMPTY_BODY = YES;
				CLANG_WARN_ENUM_CONVERSION = YES;
				CLANG_WARN_INFINITE_RECURSION = YES;
				CLANG_WARN_INT_CONVERSION = YES;
				CLANG_WARN_NON_LITERAL_NULL_CONVERSION = YES;
				CLANG_WARN_OBJC_IMPLICIT_RETAIN_SELF = YES;
				CLANG_WARN_OBJC_LITERAL_CONVERSION = YES;
				CLANG_WARN_OBJC_ROOT_CLASS = YES_ERROR;
				CLANG_WARN_QUOTED_INCLUDE_IN_FRAMEWORK_HEADER = YES;
				CLANG_WARN_RANGE_LOOP_ANALYSIS = YES;
				CLANG_WARN_STRICT_PROTOTYPES = YES;
				CLANG_WARN_SUSPICIOUS_MOVE = YES;
				CLANG_WARN_UNGUARDED_AVAILABILITY = YES_AGGRESSIVE;
				CLANG_WARN_UNREACHABLE_CODE = YES;
				CLANG_WARN__DUPLICATE_METHOD_MATCH = YES;
				COPY_PHASE_STRIP = NO;
				DEBUG_INFORMATION_FORMAT = "dwarf-with-dsym";
				ENABLE_NS_ASSERTIONS = NO;
				ENABLE_STRICT_OBJC_MSGSEND = YES;
				GCC_C_LANGUAGE_STANDARD = gnu11;
				GCC_NO_COMMON_BLOCKS = YES;
				GCC_WARN_64_TO_32_BIT_CONVERSION = YES;
				GCC_WARN_ABOUT_RETURN_TYPE = YES_ERROR;
				GCC_WARN_UNDECLARED_SELECTOR = YES;
				GCC_WARN_UNINITIALIZED_AUTOS = YES_AGGRESSIVE;
				GCC_WARN_UNUSED_FUNCTION = YES;
				GCC_WARN_UNUSED_VARIABLE = YES;
				IPHONEOS_DEPLOYMENT_TARGET = 14.4;
				MTL_ENABLE_DEBUG_INFO = NO;
				MTL_FAST_MATH = YES;
				SDKROOT = iphoneos;
				SWIFT_COMPILATION_MODE = wholemodule;
				SWIFT_OPTIMIZATION_LEVEL = "-O";
				VALIDATE_PRODUCT = YES;
			};
			name = Release;
		};
		95AFCE4B25E63F6300D5F79C /* Debug */ = {
			isa = XCBuildConfiguration;
			buildSettings = {
				ASSETCATALOG_COMPILER_APPICON_NAME = AppIcon;
				ASSETCATALOG_COMPILER_GLOBAL_ACCENT_COLOR_NAME = AccentColor;
				CODE_SIGN_STYLE = Automatic;
				DEVELOPMENT_ASSET_PATHS = "\"Facebook/Preview Content\"";
				DEVELOPMENT_TEAM = V5733424RR;
				ENABLE_PREVIEWS = YES;
				INFOPLIST_FILE = Facebook/Info.plist;
				LD_RUNPATH_SEARCH_PATHS = (
					"$(inherited)",
					"@executable_path/Frameworks",
				);
				PRODUCT_BUNDLE_IDENTIFIER = com.negmatov.Facebook;
				PRODUCT_NAME = "$(TARGET_NAME)";
				SWIFT_VERSION = 5.0;
				TARGETED_DEVICE_FAMILY = "1,2";
			};
			name = Debug;
		};
		95AFCE4C25E63F6300D5F79C /* Release */ = {
			isa = XCBuildConfiguration;
			buildSettings = {
				ASSETCATALOG_COMPILER_APPICON_NAME = AppIcon;
				ASSETCATALOG_COMPILER_GLOBAL_ACCENT_COLOR_NAME = AccentColor;
				CODE_SIGN_STYLE = Automatic;
				DEVELOPMENT_ASSET_PATHS = "\"Facebook/Preview Content\"";
				DEVELOPMENT_TEAM = V5733424RR;
				ENABLE_PREVIEWS = YES;
				INFOPLIST_FILE = Facebook/Info.plist;
				LD_RUNPATH_SEARCH_PATHS = (
					"$(inherited)",
					"@executable_path/Frameworks",
				);
				PRODUCT_BUNDLE_IDENTIFIER = com.negmatov.Facebook;
				PRODUCT_NAME = "$(TARGET_NAME)";
				SWIFT_VERSION = 5.0;
				TARGETED_DEVICE_FAMILY = "1,2";
			};
			name = Release;
		};
/* End XCBuildConfiguration section */

/* Begin XCConfigurationList section */
		95AFCE2E25E63F6100D5F79C /* Build configuration list for PBXProject "Facebook" */ = {
			isa = XCConfigurationList;
			buildConfigurations = (
				95AFCE4825E63F6300D5F79C /* Debug */,
				95AFCE4925E63F6300D5F79C /* Release */,
			);
			defaultConfigurationIsVisible = 0;
			defaultConfigurationName = Release;
		};
		95AFCE4A25E63F6300D5F79C /* Build configuration list for PBXNativeTarget "Facebook" */ = {
			isa = XCConfigurationList;
			buildConfigurations = (
				95AFCE4B25E63F6300D5F79C /* Debug */,
				95AFCE4C25E63F6300D5F79C /* Release */,
			);
			defaultConfigurationIsVisible = 0;
			defaultConfigurationName = Release;
		};
/* End XCConfigurationList section */

/* Begin XCVersionGroup section */
		95AFCE3C25E63F6100D5F79C /* Facebook.xcdatamodeld */ = {
			isa = XCVersionGroup;
			children = (
				95AFCE3D25E63F6100D5F79C /* Facebook.xcdatamodel */,
			);
			currentVersion = 95AFCE3D25E63F6100D5F79C /* Facebook.xcdatamodel */;
			path = Facebook.xcdatamodeld;
			sourceTree = "<group>";
			versionGroupType = wrapper.xcdatamodel;
		};
/* End XCVersionGroup section */
	};
	rootObject = 95AFCE2B25E63F6100D5F79C /* Project object */;
}
